Microsoft Visual Studio Solution File, Format Version 10.00
# Visual Studio 2008
Project("{FAE04EC0-301F-11D3-BF4B-00C04F79EFBC}") = "HierarchicalFilters", "HierarchicalFilters.csproj", "{614D89FB-18BB-4C4D-9542-A879BB0B3A01}"
EndProject
Global
	GlobalSection(SolutionConfigurationPlatforms) = preSolution
		Debug|Any CPU = Debug|Any CPU
		DebugTest|Any CPU = DebugTest|Any CPU
		Release|Any CPU = Release|Any CPU
	EndGlobalSection
	GlobalSection(ProjectConfigurationPlatforms) = postSolution
		{614D89FB-18BB-4C4D-9542-A879BB0B3A01}.Debug|Any CPU.ActiveCfg = Debug|Any CPU
		{614D89FB-18BB-4C4D-9542-A879BB0B3A01}.Debug|Any CPU.Build.0 = Debug|Any CPU
		{614D89FB-18BB-4C4D-9542-A879BB0B3A01}.DebugTest|Any CPU.ActiveCfg = Debug|Any CPU
		{614D89FB-18BB-4C4D-9542-A879BB0B3A01}.DebugTest|Any CPU.Build.0 = Debug|Any CPU
		{614D89FB-18BB-4C4D-9542-A879BB0B3A01}.Release|Any CPU.ActiveCfg = Release|Any CPU
		{614D89FB-18BB-4C4D-9542-A879BB0B3A01}.Release|Any CPU.Build.0 = Release|Any CPU
	EndGlobalSection
	GlobalSection(SolutionProperties) = preSolution
		HideSolutionNode = FALSE
	EndGlobalSection
EndGlobal
